
Microsoft Visual Studio Solution File, Format Version 12.00
Project("{FAE04EC0-301F-11D3-BF4B-00C04F79EFBC}") = "Mw.StreamDeck", "Mw.StreamDeck\Mw.StreamDeck.csproj", "{3C3B81CE-588D-407E-BC41-F480338A6AC7}"
EndProject
Global
	GlobalSection(SolutionConfigurationPlatforms) = preSolution
		Debug|Any CPU = Debug|Any CPU
		Release|Any CPU = Release|Any CPU
	EndGlobalSection
	GlobalSection(ProjectConfigurationPlatforms) = postSolution
		{3C3B81CE-588D-407E-BC41-F480338A6AC7}.Debug|Any CPU.ActiveCfg = Debug|Any CPU
		{3C3B81CE-588D-407E-BC41-F480338A6AC7}.Debug|Any CPU.Build.0 = Debug|Any CPU
		{3C3B81CE-588D-407E-BC41-F480338A6AC7}.Release|Any CPU.ActiveCfg = Release|Any CPU
		{3C3B81CE-588D-407E-BC41-F480338A6AC7}.Release|Any CPU.Build.0 = Release|Any CPU
	EndGlobalSection
EndGlobal
